{
    "_meta": {
        "hash": {
            "sha256": "17db686f0c6c16c8d102de5497447a49138e65d50d30820fef767bdd288cc054"
        },
        "pipfile-spec": 6,
        "requires": {
            "python_version": "3.10"
        },
        "sources": [
            {
                "name": "pypi",
                "url": "https://pypi.org/simple",
                "verify_ssl": true
            }
        ]
    },
    "default": {
        "certifi": {
            "hashes": [
                "sha256:0d9c601124e5a6ba9712dbc60d9c53c21e34f5f641fe83002317394311bdce14",
                "sha256:90c1a32f1d68f940488354e36370f6cca89f0f106db09518524c88d6ed83f382"
            ],
            "markers": "python_version >= '3.6'",
            "version": "==2022.9.24"
        },
        "chardet": {
            "hashes": [
                "sha256:84ab92ed1c4d4f16916e05906b6b75a6c0fb5db821cc65e70cbd64a3e2a5eaae",
                "sha256:fc323ffcaeaed0e0a02bf4d117757b98aed530d9ed4531e3e15460124c106691"
            ],
            "version": "==3.0.4"
        },
        "dataclasses": {
            "hashes": [
                "sha256:454a69d788c7fda44efd71e259be79577822f5e3f53f029a22d08004e951dc9f",
                "sha256:6988bd2b895eef432d562370bb707d540f32f7360ab13da45340101bc2307d84"
            ],
            "version": "==0.6"
        },
        "datetime": {
            "hashes": [
                "sha256:7ff7c4a857f08b73db17a85fc54f102d065ad16e7db0133e699c5f1b37e41478",
                "sha256:b8d2d605cfb5fed0da86f9ad64d0973c6f84b21939d49265e135811b33ee8113"
            ],
            "version": "==4.7"
        },
        "future": {
            "hashes": [
                "sha256:b1bead90b70cf6ec3f0710ae53a525360fa360d306a86583adc6bf83a4db537d"
            ],
            "markers": "python_version >= '2.6' and python_version not in '3.0, 3.1, 3.2'",
            "version": "==0.18.2"
        },
        "idna": {
            "hashes": [
                "sha256:b307872f855b18632ce0c21c5e45be78c0ea7ae4c15c828c20788b26921eb3f6",
                "sha256:b97d804b1e9b523befed77c48dacec60e6dcb0b5391d57af6a65a312a90648c0"
            ],
            "markers": "python_version >= '2.7' and python_version not in '3.0, 3.1, 3.2, 3.3'",
            "version": "==2.10"
        },
        "molgenis-py-bbmri-eric": {
            "editable": true,
            "path": "."
        },
        "molgenis-py-client": {
            "hashes": [
                "sha256:0c078c8c8e739bce420307502c0694e5afc41a255cda5a883d1214b8d474abf7",
                "sha256:6e85f87d54c2e294a6e9213697ef73d2b2eb2a475cb291523ffe8e058386922a"
            ],
            "markers": "python_version >= '3.6'",
            "version": "==2.4.1"
        },
        "pyhandle": {
            "hashes": [
                "sha256:d2ff59263c061c51ab7e2d0e69e1d8549600da4e64a2cacee11469bb4b67e4ab"
            ],
            "markers": "python_version >= '3.6' and python_version < '3.11'",
            "version": "==1.1.1"
        },
        "pymysql": {
            "hashes": [
                "sha256:04fa19fad017fdb21394fad2878c1d6bd346959d4fbfd1b66050a09fc636a321",
                "sha256:32da4a66397077d42908e449688f2ec71c2b18892a6cd04f03ab2aa828a70f40"
            ],
            "markers": "python_version < '3.11.0'",
            "version": "==0.8.0"
        },
        "pytz": {
            "hashes": [
                "sha256:222439474e9c98fced559f1709d89e6c9cbf8d79c794ff3eb9f8800064291427",
                "sha256:e89512406b793ca39f5971bc999cc538ce125c0e51c27941bef4568b460095e2"
            ],
            "version": "==2022.6"
        },
        "requests": {
            "hashes": [
                "sha256:43999036bfa82904b6af1d99e4882b560e5e2c68e5c4b0aa03b655f3d7d73fee",
                "sha256:5d2d0ffbb515f39417009a46c14256291061ac01ba8f875b90cad137de83beb4",
                "sha256:b3f43d496c6daba4493e7c431722aeb7dbc6288f52a6e04e7b6023b0247817e6"
            ],
            "markers": "python_version >= '2.7' and python_version not in '3.0, 3.1, 3.2, 3.3, 3.4'",
            "version": "==2.23.0"
        },
        "setuptools": {
            "hashes": [
                "sha256:57f6f22bde4e042978bcd50176fdb381d7c21a9efa4041202288d3737a0c6a54",
                "sha256:a7620757bf984b58deaf32fc8a4577a9bbc0850cf92c20e1ce41c38c19e5fb75"
            ],
            "markers": "python_version >= '3.7'",
            "version": "==65.6.3"
        },
        "six": {
            "hashes": [
                "sha256:1e61c37477a1626458e36f7b1d82aa5c9b094fa4802892072e49de9c60c4c926",
                "sha256:8abb2f1d86890a2dfb989f9a77cfcfd3e47c2a354b01111771326f8aa26e0254"
            ],
            "markers": "python_version >= '2.7' and python_version not in '3.0, 3.1, 3.2'",
            "version": "==1.16.0"
        },
        "unidecode": {
            "hashes": [
                "sha256:547d7c479e4f377b430dd91ac1275d593308dce0fc464fb2ab7d41f82ec653be",
                "sha256:fed09cf0be8cf415b391642c2a5addfc72194407caee4f98719e40ec2a72b830"
            ],
            "markers": "python_version >= '3.5'",
            "version": "==1.3.6"
        },
        "urllib3": {
            "hashes": [
                "sha256:8d7eaa5a82a1cac232164990f04874c594c9453ec55eef02eab885aa02fc17a2",
                "sha256:f5321fbe4bf3fefa0efd0bfe7fb14e90909eb62a48ccda331726b4319897dd5e"
            ],
            "markers": "python_version >= '2.7' and python_version not in '3.0, 3.1, 3.2, 3.3, 3.4' and python_version < '4'",
            "version": "==1.25.11"
        },
        "zope.interface": {
            "hashes": [
                "sha256:008b0b65c05993bb08912f644d140530e775cf1c62a072bf9340c2249e613c32",
                "sha256:0217a9615531c83aeedb12e126611b1b1a3175013bbafe57c702ce40000eb9a0",
                "sha256:0fb497c6b088818e3395e302e426850f8236d8d9f4ef5b2836feae812a8f699c",
                "sha256:17ebf6e0b1d07ed009738016abf0d0a0f80388e009d0ac6e0ead26fc162b3b9c",
                "sha256:311196634bb9333aa06f00fc94f59d3a9fddd2305c2c425d86e406ddc6f2260d",
                "sha256:3218ab1a7748327e08ef83cca63eea7cf20ea7e2ebcb2522072896e5e2fceedf",
                "sha256:404d1e284eda9e233c90128697c71acffd55e183d70628aa0bbb0e7a3084ed8b",
                "sha256:4087e253bd3bbbc3e615ecd0b6dd03c4e6a1e46d152d3be6d2ad08fbad742dcc",
                "sha256:40f4065745e2c2fa0dff0e7ccd7c166a8ac9748974f960cd39f63d2c19f9231f",
                "sha256:5334e2ef60d3d9439c08baedaf8b84dc9bb9522d0dacbc10572ef5609ef8db6d",
                "sha256:604cdba8f1983d0ab78edc29aa71c8df0ada06fb147cea436dc37093a0100a4e",
                "sha256:6373d7eb813a143cb7795d3e42bd8ed857c82a90571567e681e1b3841a390d16",
                "sha256:655796a906fa3ca67273011c9805c1e1baa047781fca80feeb710328cdbed87f",
                "sha256:65c3c06afee96c654e590e046c4a24559e65b0a87dbff256cd4bd6f77e1a33f9",
                "sha256:696f3d5493eae7359887da55c2afa05acc3db5fc625c49529e84bd9992313296",
                "sha256:6e972493cdfe4ad0411fd9abfab7d4d800a7317a93928217f1a5de2bb0f0d87a",
                "sha256:7579960be23d1fddecb53898035a0d112ac858c3554018ce615cefc03024e46d",
                "sha256:765d703096ca47aa5d93044bf701b00bbce4d903a95b41fff7c3796e747b1f1d",
                "sha256:7e66f60b0067a10dd289b29dceabd3d0e6d68be1504fc9d0bc209cf07f56d189",
                "sha256:8a2ffadefd0e7206adc86e492ccc60395f7edb5680adedf17a7ee4205c530df4",
                "sha256:959697ef2757406bff71467a09d940ca364e724c534efbf3786e86eee8591452",
                "sha256:9d783213fab61832dbb10d385a319cb0e45451088abd45f95b5bb88ed0acca1a",
                "sha256:a16025df73d24795a0bde05504911d306307c24a64187752685ff6ea23897cb0",
                "sha256:a2ad597c8c9e038a5912ac3cf166f82926feff2f6e0dabdab956768de0a258f5",
                "sha256:bfee1f3ff62143819499e348f5b8a7f3aa0259f9aca5e0ddae7391d059dce671",
                "sha256:d169ccd0756c15bbb2f1acc012f5aab279dffc334d733ca0d9362c5beaebe88e",
                "sha256:d514c269d1f9f5cd05ddfed15298d6c418129f3f064765295659798349c43e6f",
                "sha256:d692374b578360d36568dd05efb8a5a67ab6d1878c29c582e37ddba80e66c396",
                "sha256:dbaeb9cf0ea0b3bc4b36fae54a016933d64c6d52a94810a63c00f440ecb37dd7",
                "sha256:dc26c8d44472e035d59d6f1177eb712888447f5799743da9c398b0339ed90b1b",
                "sha256:e1574980b48c8c74f83578d1e77e701f8439a5d93f36a5a0af31337467c08fcf",
                "sha256:e74a578172525c20d7223eac5f8ad187f10940dac06e40113d62f14f3adb1e8f",
                "sha256:e945de62917acbf853ab968d8916290548df18dd62c739d862f359ecd25842a6",
                "sha256:f0980d44b8aded808bec5059018d64692f0127f10510eca71f2f0ace8fb11188",
                "sha256:f98d4bd7bbb15ca701d19b93263cc5edfd480c3475d163f137385f49e5b3a3a7",
                "sha256:fb68d212efd057596dee9e6582daded9f8ef776538afdf5feceb3059df2d2e7b"
            ],
            "markers": "python_version >= '2.7' and python_version not in '3.0, 3.1, 3.2, 3.3, 3.4'",
            "version": "==5.5.2"
        }
    },
    "develop": {
        "attrs": {
            "hashes": [
                "sha256:29adc2665447e5191d0e7c568fde78b21f9672d344281d0c6e1ab085429b22b6",
                "sha256:86efa402f67bf2df34f51a335487cf46b1ec130d02b8d39fd248abfd30da551c"
            ],
            "markers": "python_version >= '3.5'",
            "version": "==22.1.0"
        },
        "coverage": {
            "extras": [
                "toml"
            ],
            "hashes": [
                "sha256:027018943386e7b942fa832372ebc120155fd970837489896099f5cfa2890f79",
                "sha256:11b990d520ea75e7ee8dcab5bc908072aaada194a794db9f6d7d5cfd19661e5a",
                "sha256:12adf310e4aafddc58afdb04d686795f33f4d7a6fa67a7a9d4ce7d6ae24d949f",
                "sha256:1431986dac3923c5945271f169f59c45b8802a114c8f548d611f2015133df77a",
                "sha256:1ef221513e6f68b69ee9e159506d583d31aa3567e0ae84eaad9d6ec1107dddaa",
                "sha256:20c8ac5386253717e5ccc827caad43ed66fea0efe255727b1053a8154d952398",
                "sha256:2198ea6fc548de52adc826f62cb18554caedfb1d26548c1b7c88d8f7faa8f6ba",
                "sha256:255758a1e3b61db372ec2736c8e2a1fdfaf563977eedbdf131de003ca5779b7d",
                "sha256:265de0fa6778d07de30bcf4d9dc471c3dc4314a23a3c6603d356a3c9abc2dfcf",
                "sha256:33a7da4376d5977fbf0a8ed91c4dffaaa8dbf0ddbf4c8eea500a2486d8bc4d7b",
                "sha256:42eafe6778551cf006a7c43153af1211c3aaab658d4d66fa5fcc021613d02518",
                "sha256:4433b90fae13f86fafff0b326453dd42fc9a639a0d9e4eec4d366436d1a41b6d",
                "sha256:4a5375e28c5191ac38cca59b38edd33ef4cc914732c916f2929029b4bfb50795",
                "sha256:4a8dbc1f0fbb2ae3de73eb0bdbb914180c7abfbf258e90b311dcd4f585d44bd2",
                "sha256:59f53f1dc5b656cafb1badd0feb428c1e7bc19b867479ff72f7a9dd9b479f10e",
                "sha256:5dbec3b9095749390c09ab7c89d314727f18800060d8d24e87f01fb9cfb40b32",
                "sha256:633713d70ad6bfc49b34ead4060531658dc6dfc9b3eb7d8a716d5873377ab745",
                "sha256:6b07130585d54fe8dff3d97b93b0e20290de974dc8177c320aeaf23459219c0b",
                "sha256:6c4459b3de97b75e3bd6b7d4b7f0db13f17f504f3d13e2a7c623786289dd670e",
                "sha256:6d4817234349a80dbf03640cec6109cd90cba068330703fa65ddf56b60223a6d",
                "sha256:723e8130d4ecc8f56e9a611e73b31219595baa3bb252d539206f7bbbab6ffc1f",
                "sha256:784f53ebc9f3fd0e2a3f6a78b2be1bd1f5575d7863e10c6e12504f240fd06660",
                "sha256:7b6be138d61e458e18d8e6ddcddd36dd96215edfe5f1168de0b1b32635839b62",
                "sha256:7ccf362abd726b0410bf8911c31fbf97f09f8f1061f8c1cf03dfc4b6372848f6",
                "sha256:83516205e254a0cb77d2d7bb3632ee019d93d9f4005de31dca0a8c3667d5bc04",
                "sha256:851cf4ff24062c6aec510a454b2584f6e998cada52d4cb58c5e233d07172e50c",
                "sha256:8f830ed581b45b82451a40faabb89c84e1a998124ee4212d440e9c6cf70083e5",
                "sha256:94e2565443291bd778421856bc975d351738963071e9b8839ca1fc08b42d4bef",
                "sha256:95203854f974e07af96358c0b261f1048d8e1083f2de9b1c565e1be4a3a48cfc",
                "sha256:97117225cdd992a9c2a5515db1f66b59db634f59d0679ca1fa3fe8da32749cae",
                "sha256:98e8a10b7a314f454d9eff4216a9a94d143a7ee65018dd12442e898ee2310578",
                "sha256:a1170fa54185845505fbfa672f1c1ab175446c887cce8212c44149581cf2d466",
                "sha256:a6b7d95969b8845250586f269e81e5dfdd8ff828ddeb8567a4a2eaa7313460c4",
                "sha256:a8fb6cf131ac4070c9c5a3e21de0f7dc5a0fbe8bc77c9456ced896c12fcdad91",
                "sha256:af4fffaffc4067232253715065e30c5a7ec6faac36f8fc8d6f64263b15f74db0",
                "sha256:b4a5be1748d538a710f87542f22c2cad22f80545a847ad91ce45e77417293eb4",
                "sha256:b5604380f3415ba69de87a289a2b56687faa4fe04dbee0754bfcae433489316b",
                "sha256:b9023e237f4c02ff739581ef35969c3739445fb059b060ca51771e69101efffe",
                "sha256:bc8ef5e043a2af066fa8cbfc6e708d58017024dc4345a1f9757b329a249f041b",
                "sha256:c4ed2820d919351f4167e52425e096af41bfabacb1857186c1ea32ff9983ed75",
                "sha256:cca4435eebea7962a52bdb216dec27215d0df64cf27fc1dd538415f5d2b9da6b",
                "sha256:d900bb429fdfd7f511f868cedd03a6bbb142f3f9118c09b99ef8dc9bf9643c3c",
                "sha256:d9ecf0829c6a62b9b573c7bb6d4dcd6ba8b6f80be9ba4fc7ed50bf4ac9aecd72",
                "sha256:dbdb91cd8c048c2b09eb17713b0c12a54fbd587d79adcebad543bc0cd9a3410b",
                "sha256:de3001a203182842a4630e7b8d1a2c7c07ec1b45d3084a83d5d227a3806f530f",
                "sha256:e07f4a4a9b41583d6eabec04f8b68076ab3cd44c20bd29332c6572dda36f372e",
                "sha256:ef8674b0ee8cc11e2d574e3e2998aea5df5ab242e012286824ea3c6970580e53",
                "sha256:f4f05d88d9a80ad3cac6244d36dd89a3c00abc16371769f1340101d3cb899fc3",
                "sha256:f642e90754ee3e06b0e7e51bce3379590e76b7f76b708e1a71ff043f87025c84",
                "sha256:fc2af30ed0d5ae0b1abdb4ebdce598eafd5b35397d4d75deb341a614d333d987"
            ],
            "markers": "python_version >= '3.7'",
            "version": "==6.5.0"
        },
        "distlib": {
            "hashes": [
                "sha256:14bad2d9b04d3a36127ac97f30b12a19268f211063d8f8ee4f47108896e11b46",
                "sha256:f35c4b692542ca110de7ef0bea44d73981caeb34ca0b9b6b2e6d7790dda8f80e"
            ],
            "version": "==0.3.6"
        },
        "exceptiongroup": {
            "hashes": [
                "sha256:542adf9dea4055530d6e1279602fa5cb11dab2395fa650b8674eaec35fc4a828",
                "sha256:bd14967b79cd9bdb54d97323216f8fdf533e278df937aa2a90089e7d6e06e5ec"
            ],
            "markers": "python_version < '3.11'",
            "version": "==1.0.4"
        },
        "filelock": {
            "hashes": [
                "sha256:55447caa666f2198c5b6b13a26d2084d26fa5b115c00d065664b2124680c4edc",
                "sha256:617eb4e5eedc82fc5f47b6d61e4d11cb837c56cb4544e39081099fa17ad109d4"
            ],
            "markers": "python_version >= '3.7'",
            "version": "==3.8.0"
        },
        "flake8": {
            "hashes": [
                "sha256:3833794e27ff64ea4e9cf5d410082a8b97ff1a06c16aa3d2027339cd0f1195c7",
                "sha256:c61007e76655af75e6785a931f452915b371dc48f56efd765247c8fe68f2b181"
            ],
            "index": "pypi",
            "version": "==6.0.0"
        },
        "iniconfig": {
            "hashes": [
                "sha256:011e24c64b7f47f6ebd835bb12a743f2fbe9a26d4cecaa7f53bc4f35ee9da8b3",
                "sha256:bc3af051d7d14b2ee5ef9969666def0cd1a000e121eaea580d4a313df4b37f32"
            ],
            "version": "==1.1.1"
        },
        "mccabe": {
            "hashes": [
                "sha256:348e0240c33b60bbdf4e523192ef919f28cb2c3d7d5c7794f74009290f236325",
                "sha256:6c2d30ab6be0e4a46919781807b4f0d834ebdd6c6e3dca0bda5a15f863427b6e"
            ],
            "markers": "python_version >= '3.6'",
            "version": "==0.7.0"
        },
        "packaging": {
            "hashes": [
                "sha256:dd47c42927d89ab911e606518907cc2d3a1f38bbd026385970643f9c5b8ecfeb",
                "sha256:ef103e05f519cdc783ae24ea4e2e0f508a9c99b2d4969652eed6a2e1ea5bd522"
            ],
            "markers": "python_version >= '3.6'",
            "version": "==21.3"
        },
        "platformdirs": {
            "hashes": [
                "sha256:1006647646d80f16130f052404c6b901e80ee4ed6bef6792e1f238a8969106f7",
                "sha256:af0276409f9a02373d540bf8480021a048711d572745aef4b7842dad245eba10"
            ],
            "markers": "python_version >= '3.7'",
            "version": "==2.5.4"
        },
        "pluggy": {
            "hashes": [
                "sha256:4224373bacce55f955a878bf9cfa763c1e360858e330072059e10bad68531159",
                "sha256:74134bbf457f031a36d68416e1509f34bd5ccc019f0bcc952c7b909d06b37bd3"
            ],
            "markers": "python_version >= '3.6'",
            "version": "==1.0.0"
        },
        "py": {
            "hashes": [
                "sha256:51c75c4126074b472f746a24399ad32f6053d1b34b68d2fa41e558e6f4a98719",
                "sha256:607c53218732647dff4acdfcd50cb62615cedf612e72d1724fb1a0cc6405b378"
            ],
            "markers": "python_version >= '2.7' and python_version not in '3.0, 3.1, 3.2, 3.3, 3.4'",
            "version": "==1.11.0"
        },
        "pycodestyle": {
            "hashes": [
                "sha256:347187bdb476329d98f695c213d7295a846d1152ff4fe9bacb8a9590b8ee7053",
                "sha256:8a4eaf0d0495c7395bdab3589ac2db602797d76207242c17d470186815706610"
            ],
            "markers": "python_version >= '3.6'",
            "version": "==2.10.0"
        },
        "pyflakes": {
            "hashes": [
                "sha256:ec55bf7fe21fff7f1ad2f7da62363d749e2a470500eab1b555334b67aa1ef8cf",
                "sha256:ec8b276a6b60bd80defed25add7e439881c19e64850afd9b346283d4165fd0fd"
            ],
            "markers": "python_version >= '3.6'",
            "version": "==3.0.1"
        },
        "pyparsing": {
            "hashes": [
                "sha256:2b020ecf7d21b687f219b71ecad3631f644a47f01403fa1d1036b0c6416d70fb",
                "sha256:5026bae9a10eeaefb61dab2f09052b9f4307d44aee4eda64b309723d8d206bbc"
            ],
            "markers": "python_full_version >= '3.6.8'",
            "version": "==3.0.9"
        },
        "pytest": {
            "hashes": [
                "sha256:892f933d339f068883b6fd5a459f03d85bfcb355e4981e146d2c7616c21fef71",
                "sha256:c4014eb40e10f11f355ad4e3c2fb2c6c6d1919c73f3b5a433de4708202cade59"
            ],
            "index": "pypi",
            "version": "==7.2.0"
        },
        "pytest-cov": {
            "hashes": [
                "sha256:2feb1b751d66a8bd934e5edfa2e961d11309dc37b73b0eabe73b5945fee20f6b",
                "sha256:996b79efde6433cdbd0088872dbc5fb3ed7fe1578b68cdbba634f14bb8dd0470"
            ],
            "index": "pypi",
            "version": "==4.0.0"
        },
        "python-dotenv": {
            "hashes": [
                "sha256:1684eb44636dd462b66c3ee016599815514527ad99965de77f43e0944634a7e5",
                "sha256:b77d08274639e3d34145dfa6c7008e66df0f04b7be7a75fd0d5292c191d79045"
            ],
            "index": "pypi",
            "version": "==0.21.0"
        },
        "setuptools": {
            "hashes": [
                "sha256:57f6f22bde4e042978bcd50176fdb381d7c21a9efa4041202288d3737a0c6a54",
                "sha256:a7620757bf984b58deaf32fc8a4577a9bbc0850cf92c20e1ce41c38c19e5fb75"
            ],
            "markers": "python_version >= '3.7'",
            "version": "==65.6.3"
        },
        "six": {
            "hashes": [
                "sha256:1e61c37477a1626458e36f7b1d82aa5c9b094fa4802892072e49de9c60c4c926",
                "sha256:8abb2f1d86890a2dfb989f9a77cfcfd3e47c2a354b01111771326f8aa26e0254"
            ],
            "markers": "python_version >= '2.7' and python_version not in '3.0, 3.1, 3.2'",
            "version": "==1.16.0"
        },
        "tomli": {
            "hashes": [
                "sha256:939de3e7a6161af0c887ef91b7d41a53e7c5a1ca976325f429cb46ea9bc30ecc",
                "sha256:de526c12914f0c550d15924c62d72abc48d6fe7364aa87328337a31007fe8a4f"
            ],
            "markers": "python_version < '3.11'",
            "version": "==2.0.1"
        },
        "tox": {
            "hashes": [
                "sha256:b2a920e35a668cc06942ffd1cf3a4fb221a4d909ca72191fb6d84b0b18a7be04",
                "sha256:f52ca66eae115fcfef0e77ef81fd107133d295c97c52df337adedb8dfac6ab84"
            ],
            "index": "pypi",
            "version": "==3.27.1"
        },
        "virtualenv": {
            "hashes": [
                "sha256:8691e3ff9387f743e00f6bb20f70121f5e4f596cae754531f2b3b3a1b1ac696e",
                "sha256:efd66b00386fdb7dbe4822d172303f40cd05e50e01740b19ea42425cbe653e29"
            ],
            "markers": "python_version >= '3.6'",
            "version": "==20.16.7"
        }
    }
}
